
Microsoft Visual Studio Solution File, Format Version 12.00
# Visual Studio 2012
Project("{FAE04EC0-301F-11D3-BF4B-00C04F79EFBC}") = "WordClassifier", "WordClassifier\WordClassifier.csproj", "{464F8364-2CAB-4F19-B509-718F902A98FD}"
EndProject
Global
	GlobalSection(SolutionConfigurationPlatforms) = preSolution
		Debug|x86 = Debug|x86
		Release|x86 = Release|x86
	EndGlobalSection
	GlobalSection(ProjectConfigurationPlatforms) = postSolution
		{464F8364-2CAB-4F19-B509-718F902A98FD}.Debug|x86.ActiveCfg = Debug|x86
		{464F8364-2CAB-4F19-B509-718F902A98FD}.Debug|x86.Build.0 = Debug|x86
		{464F8364-2CAB-4F19-B509-718F902A98FD}.Release|x86.ActiveCfg = Release|x86
		{464F8364-2CAB-4F19-B509-718F902A98FD}.Release|x86.Build.0 = Release|x86
	EndGlobalSection
EndGlobal
